
Microsoft Visual Studio Solution File, Format Version 12.00
# Visual Studio Version 17
VisualStudioVersion = 17.0.32112.339
MinimumVisualStudioVersion = 10.0.40219.1
Project("{FAE04EC0-301F-11D3-BF4B-00C04F79EFBC}") = "ConsoleApp1", "ConsoleApp1\ConsoleApp1.csproj", "{0BAE86D5-5BC7-4ABB-9432-A00B27DE81A7}"
EndProject
Global
	GlobalSection(SolutionConfigurationPlatforms) = preSolution
		Debug|Any CPU = Debug|Any CPU
		Release|Any CPU = Release|Any CPU
	EndGlobalSection
	GlobalSection(ProjectConfigurationPlatforms) = postSolution
		{0BAE86D5-5BC7-4ABB-9432-A00B27DE81A7}.Debug|Any CPU.ActiveCfg = Debug|Any CPU
		{0BAE86D5-5BC7-4ABB-9432-A00B27DE81A7}.Debug|Any CPU.Build.0 = Debug|Any CPU
		{0BAE86D5-5BC7-4ABB-9432-A00B27DE81A7}.Release|Any CPU.ActiveCfg = Release|Any CPU
		{0BAE86D5-5BC7-4ABB-9432-A00B27DE81A7}.Release|Any CPU.Build.0 = Release|Any CPU
	EndGlobalSection
	GlobalSection(SolutionProperties) = preSolution
		HideSolutionNode = FALSE
	EndGlobalSection
	GlobalSection(ExtensibilityGlobals) = postSolution
		SolutionGuid = {ED49371A-55AE-4DE0-8EB0-B5180DC6ED17}
	EndGlobalSection
EndGlobal
